
Microsoft Visual Studio Solution File, Format Version 12.00
# Visual Studio Version 16
VisualStudioVersion = 16.0.29613.14
MinimumVisualStudioVersion = 10.0.40219.1
Project("{FAE04EC0-301F-11D3-BF4B-00C04F79EFBC}") = "BlogApp.WebUI", "BlogApp.WebUI\BlogApp.WebUI.csproj", "{6EAEEE87-0987-4B29-8D49-8A5A0E3CA49E}"
EndProject
Project("{FAE04EC0-301F-11D3-BF4B-00C04F79EFBC}") = "BlogApp.Entity", "BlogApp.Entity\BlogApp.Entity.csproj", "{737E5F8F-35BA-4591-98EE-812DB8ADBCAD}"
EndProject
Project("{FAE04EC0-301F-11D3-BF4B-00C04F79EFBC}") = "BlogApp.Data", "BlogApp.Data\BlogApp.Data.csproj", "{5CFD5372-F2CC-4778-8685-FC2CCE9B4047}"
EndProject
Global
	GlobalSection(SolutionConfigurationPlatforms) = preSolution
		Debug|Any CPU = Debug|Any CPU
		Release|Any CPU = Release|Any CPU
	EndGlobalSection
	GlobalSection(ProjectConfigurationPlatforms) = postSolution
		{6EAEEE87-0987-4B29-8D49-8A5A0E3CA49E}.Debug|Any CPU.ActiveCfg = Debug|Any CPU
		{6EAEEE87-0987-4B29-8D49-8A5A0E3CA49E}.Debug|Any CPU.Build.0 = Debug|Any CPU
		{6EAEEE87-0987-4B29-8D49-8A5A0E3CA49E}.Release|Any CPU.ActiveCfg = Release|Any CPU
		{6EAEEE87-0987-4B29-8D49-8A5A0E3CA49E}.Release|Any CPU.Build.0 = Release|Any CPU
		{737E5F8F-35BA-4591-98EE-812DB8ADBCAD}.Debug|Any CPU.ActiveCfg = Debug|Any CPU
		{737E5F8F-35BA-4591-98EE-812DB8ADBCAD}.Debug|Any CPU.Build.0 = Debug|Any CPU
		{737E5F8F-35BA-4591-98EE-812DB8ADBCAD}.Release|Any CPU.ActiveCfg = Release|Any CPU
		{737E5F8F-35BA-4591-98EE-812DB8ADBCAD}.Release|Any CPU.Build.0 = Release|Any CPU
		{5CFD5372-F2CC-4778-8685-FC2CCE9B4047}.Debug|Any CPU.ActiveCfg = Debug|Any CPU
		{5CFD5372-F2CC-4778-8685-FC2CCE9B4047}.Debug|Any CPU.Build.0 = Debug|Any CPU
		{5CFD5372-F2CC-4778-8685-FC2CCE9B4047}.Release|Any CPU.ActiveCfg = Release|Any CPU
		{5CFD5372-F2CC-4778-8685-FC2CCE9B4047}.Release|Any CPU.Build.0 = Release|Any CPU
	EndGlobalSection
	GlobalSection(SolutionProperties) = preSolution
		HideSolutionNode = FALSE
	EndGlobalSection
	GlobalSection(ExtensibilityGlobals) = postSolution
		SolutionGuid = {3A6EF55D-9219-40DA-AB51-33D6EA7700F6}
	EndGlobalSection
EndGlobal
